
Microsoft Visual Studio Solution File, Format Version 12.00
# Visual Studio Version 16
VisualStudioVersion = 16.0.29102.190
MinimumVisualStudioVersion = 10.0.40219.1
Project("{9092AA53-FB77-4645-B42D-1CCCA6BD08BD}") = "UpcInv.React", "UpcInv.React\UpcInv.React.njsproj", "{34707CCC-7C0C-494F-8C5E-ACEE5404228A}"
EndProject
Global
	GlobalSection(SolutionConfigurationPlatforms) = preSolution
		Debug|Any CPU = Debug|Any CPU
		Release|Any CPU = Release|Any CPU
	EndGlobalSection
	GlobalSection(ProjectConfigurationPlatforms) = postSolution
		{34707CCC-7C0C-494F-8C5E-ACEE5404228A}.Debug|Any CPU.ActiveCfg = Debug|Any CPU
		{34707CCC-7C0C-494F-8C5E-ACEE5404228A}.Debug|Any CPU.Build.0 = Debug|Any CPU
		{34707CCC-7C0C-494F-8C5E-ACEE5404228A}.Release|Any CPU.ActiveCfg = Release|Any CPU
		{34707CCC-7C0C-494F-8C5E-ACEE5404228A}.Release|Any CPU.Build.0 = Release|Any CPU
	EndGlobalSection
	GlobalSection(SolutionProperties) = preSolution
		HideSolutionNode = FALSE
	EndGlobalSection
	GlobalSection(ExtensibilityGlobals) = postSolution
		SolutionGuid = {C9B0AB4F-E48F-450E-9EBA-640BF6CFCC9C}
	EndGlobalSection
EndGlobal
